{
  "version": 4,
  "terraform_version": "0.12.29",
  "serial": 86,
  "lineage": "0627983d-431e-0f7e-6668-937ea7c96e31",
  "outputs": {
    "floatin-ip-loadbalancer": {
      "value": "185.98.123.104",
      "type": "string"
    },
    "loadbalancer": {
      "value": "185.79.233.52",
      "type": "string"
    },
    "masters": {
      "value": [
        "185.79.233.47"
      ],
      "type": [
        "tuple",
        [
          "string"
        ]
      ]
    },
    "nodes": {
      "value": [
        "185.79.233.15",
        "185.79.233.54"
      ],
      "type": [
        "tuple",
        [
          "string",
          "string"
        ]
      ]
    }
  },
  "resources": [
    {
      "module": "module.network",
      "mode": "managed",
      "type": "cloudscale_floating_ip",
      "name": "loadbalancer",
      "provider": "provider.cloudscale",
      "instances": [
        {
          "schema_version": 0,
          "attributes": {
            "href": "https://api.cloudscale.ch/v1/floating-ips/185.98.123.104",
            "id": "185.98.123.104",
            "ip_version": 4,
            "network": "185.98.123.104/32",
            "next_hop": "185.79.233.52",
            "prefix_length": null,
            "region_slug": "lpg",
            "reverse_ptr": "vip.dev-loadbalancer.example.com",
            "server": "d4a096fe-5fe4-4771-8495-ad9a5a06a418"
          },
          "private": "bnVsbA==",
          "dependencies": [
            "module.network.cloudscale_network.private-net",
            "module.vms.cloudscale_server.loadbalancer"
          ]
        }
      ]
    },
    {
      "module": "module.network",
      "mode": "managed",
      "type": "cloudscale_network",
      "name": "private-net",
      "provider": "provider.cloudscale",
      "instances": [
        {
          "schema_version": 0,
          "attributes": {
            "auto_create_ipv4_subnet": null,
            "href": "https://api.cloudscale.ch/v1/networks/1c49a352-3848-41af-b37c-643b0e805a77",
            "id": "1c49a352-3848-41af-b37c-643b0e805a77",
            "mtu": 9000,
            "name": "dev-private-net",
            "subnets": [
              {
                "cidr": "172.16.106.0/24",
                "href": "https://api.cloudscale.ch/v1/subnets/6ab7ebc8-6ae8-45fb-9d0a-1fa1e45d58c6",
                "uuid": "6ab7ebc8-6ae8-45fb-9d0a-1fa1e45d58c6"
              }
            ],
            "zone_slug": "lpg1"
          },
          "private": "bnVsbA=="
        }
      ]
    },
    {
      "module": "module.vms",
      "mode": "managed",
      "type": "cloudscale_server",
      "name": "loadbalancer",
      "provider": "provider.cloudscale",
      "instances": [
        {
          "schema_version": 0,
          "attributes": {
            "allow_stopping_for_update": true,
            "bulk_volume_size_gb": null,
            "flavor_slug": "flex-2",
            "href": "https://api.cloudscale.ch/v1/servers/d4a096fe-5fe4-4771-8495-ad9a5a06a418",
            "id": "d4a096fe-5fe4-4771-8495-ad9a5a06a418",
            "image_slug": "ubuntu-18.04",
            "interfaces": [
              {
                "addresses": [
                  {
                    "address": "185.79.233.52",
                    "gateway": "185.79.233.1",
                    "prefix_length": 24,
                    "reverse_ptr": "185-79-233-52.cust.cloudscale.ch",
                    "subnet_cidr": "185.79.233.0/24",
                    "subnet_href": "https://api.cloudscale.ch/v1/subnets/29d642f1-6b07-4018-a0bb-1004435b31ca",
                    "subnet_uuid": "29d642f1-6b07-4018-a0bb-1004435b31ca",
                    "version": 4
                  },
                  {
                    "address": "2a06:c02:1000:1262::52",
                    "gateway": "fe80::1",
                    "prefix_length": 64,
                    "reverse_ptr": "185-79-233-52.cust.cloudscale.ch",
                    "subnet_cidr": "2a06:c02:1000:1262::/64",
                    "subnet_href": "https://api.cloudscale.ch/v1/subnets/5297e2b2-cfbb-464b-9d8d-06be267f14b5",
                    "subnet_uuid": "5297e2b2-cfbb-464b-9d8d-06be267f14b5",
                    "version": 6
                  }
                ],
                "network_href": "https://api.cloudscale.ch/v1/networks/bc7582c8-7038-4e1b-ba4d-25c266ce274a",
                "network_name": "ext-net2",
                "network_uuid": "bc7582c8-7038-4e1b-ba4d-25c266ce274a",
                "no_address": false,
                "type": "public"
              },
              {
                "addresses": [
                  {
                    "address": "172.16.106.125",
                    "gateway": "",
                    "prefix_length": 24,
                    "reverse_ptr": "",
                    "subnet_cidr": "172.16.106.0/24",
                    "subnet_href": "https://api.cloudscale.ch/v1/subnets/6ab7ebc8-6ae8-45fb-9d0a-1fa1e45d58c6",
                    "subnet_uuid": "6ab7ebc8-6ae8-45fb-9d0a-1fa1e45d58c6",
                    "version": 4
                  }
                ],
                "network_href": "https://api.cloudscale.ch/v1/networks/1c49a352-3848-41af-b37c-643b0e805a77",
                "network_name": "dev-private-net",
                "network_uuid": "1c49a352-3848-41af-b37c-643b0e805a77",
                "no_address": false,
                "type": "private"
              }
            ],
            "name": "dev-loadbalancer",
            "password": null,
            "private_ipv4_address": "172.16.106.125",
            "public_ipv4_address": "185.79.233.52",
            "public_ipv6_address": "2a06:c02:1000:1262::52",
            "server_group_ids": null,
            "server_groups": [],
            "ssh_fingerprints": [
              "ecdsa-sha2-nistp256 SHA256:ZExAaaiLnDVq/DT4fdOWrxS7Jp/O+om7ATDLYvhcXk4",
              "ecdsa-sha2-nistp256 4a:59:1d:da:cf:e5:c9:33:f1:d7:5a:66:7c:95:42:ed",
              "ssh-rsa SHA256:+hfwoEbYaWGDLRY5DFo0d1+2fa6MDZqk83xv3rUQZws",
              "ssh-rsa ae:d5:07:ca:6f:4a:1c:7c:14:37:ff:02:ec:f9:ba:b4",
              "ssh-ed25519 SHA256:O2MtTa/JjSfBAnCo0Q5zbSeRp806amtGnc/npHwE3Ww",
              "ssh-ed25519 db:02:39:9e:b5:81:2e:0f:e6:2c:79:ce:ac:a5:c4:31",
              "ssh-dss SHA256:XJz3bQ9DvYQ2H8nCOXbNAVd7hzWn05dWgfuKBPmMJng",
              "ssh-dss e9:6d:8c:58:28:0a:5e:d9:67:1c:46:87:eb:ae:9b:76"
            ],
            "ssh_host_keys": [
              "ecdsa-sha2-nistp256 AAAAE2VjZHNhLXNoYTItbmlzdHAyNTYAAAAIbmlzdHAyNTYAAABBBAOx2cRagHwtTxNuYZsPPzPf2CYSgRaxHxtujDxk7JdtUeEbnBtmPqtYvj5Lut1FS+jpi5bQTo3WRsClFVIzdI4=",
              "ssh-rsa AAAAB3NzaC1yc2EAAAADAQABAAABAQC23oGDw8I5ja1VT7tyFQEmvRMEv/yxKmzRwo74077gArpMwtlDRMQOEJDEz7K62+goP7nzG9wtyUVDNKq0ic6WM2nHUqfK9nViMn623afq3TYOPL7gWdPkYbbMjOelxk0TK673HsAa+pGLN/UkOZjtoFmK56Lz9XNUABJHODV4CjHLMWpZKSgc4WjvrlCULFxPiU2QJbCHlidt3hzFNzRRSBUH4XTc/1O++Vl6It+AEqzvdbQPeVrN+APdcsTtExUgyOXizsZ/XVukAibQwi45gA7jx3AAL6cZgukCxfLZJRUkTJ8hwdvhVi9aJgc8pvmpnqDmRCow8HmLqPscJD5n",
              "ssh-ed25519 AAAAC3NzaC1lZDI1NTE5AAAAII1fhOMQ5b6JcXZMkCZCG0FmyTXpZd46CtlNHpn0By1T",
              "ssh-dss AAAAB3NzaC1kc3MAAACBAODLj/dK/7A7MszYnd1Px6S6cCQdy2COsDKrMr392arm1CdDCCWmTy0HKtgHDR+kPKBiQwTiBD9RLCBPa3B7NuDpk6awK8oKna3G4HcweQLnpayI+X4SwBoKQJbxF7gZjxxPlWDKhZelltgDShUKNeCkhkS1b2ZW+g35IwE8ZOLTAAAAFQDkwx+SQrvstTzHu/nb4CWHN5C3LQAAAIAQFcHBNI9Jr79u0zDpI0Ob2hO7FGH2dyesrFtsvSPaotcI7hllnVAw6VGNiHGcjXjPZbrfTPEm8rImEiuFpX9dCVnIhWQCeu9/sVp4QKXk5qXBTyTsuO7zsrAsOzFl0xNALGVa7NOYfxnZDFcgJoAbGqApMqrE6vRw/dJGbZxt3wAAAIEAndJrDx4iTpQQ8Y99gU+i0D6k2mag54uDXe2wL75LYPj5K1pW8SXaq9MP3qZWc3xKVd56xCbq7reKSZ0NMcHgAzCxZWdjYy2OcxRtWWFxIfiNOUik/65mtfqbXhP3HzE/jrpGU1iMts019PFPB+7RHWQYDgYfmSCEZnYlCXAbvgk="
            ],
            "ssh_keys": [
              "ssh-rsa AAAAB3NzaC1yc2EAAAADAQABAAABAQDe4y6CYICkvK50WNtL7ckmlGKWExKlWCdjdXt0mclhCTMVwEfFT7v68YHBOGEf4cJP44SldPudYDsegTktWIcTEtqxPA6fQ3ChAO68OKl9dAMDUrGXeqNlNpk5VBJI9ry9QFlJvbmfNmXkOa+Y0nwK49FpXR0CaIvgsT00lNa1uFq8cdaol9YZoo93O4REAqI0pepixek9GujTX3hgEEm+V3s+4xFAOr7xYZvT5oGdROxe0mkGbbAf2xV7NHUIFY0Qxu+bAWQVmdJ+NYGM++ULZ6ZLhiEwiF7IYBUyW1BQGKefYfPQLDer5Im84UuYDUvyc+gX8H8uvKp6CZzbB5cl diego.cunha@plandomino.com"
            ],
            "status": "running",
            "use_ipv6": null,
            "use_private_network": null,
            "use_public_network": null,
            "user_data": null,
            "volume_size_gb": 10,
            "volumes": [
              {
                "device_path": "",
                "size_gb": 10,
                "type": "ssd",
                "uuid": "78291b4b-79ba-443f-a3c0-54bf49859a74"
              }
            ],
            "zone_slug": "lpg1"
          },
          "private": "bnVsbA==",
          "dependencies": [
            "module.network.cloudscale_network.private-net"
          ]
        }
      ]
    },
    {
      "module": "module.vms",
      "mode": "managed",
      "type": "cloudscale_server",
      "name": "masters",
      "each": "list",
      "provider": "provider.cloudscale",
      "instances": [
        {
          "index_key": 0,
          "schema_version": 0,
          "attributes": {
            "allow_stopping_for_update": true,
            "bulk_volume_size_gb": null,
            "flavor_slug": "flex-4",
            "href": "https://api.cloudscale.ch/v1/servers/d540c2a1-8787-4bad-86bd-a71d550259fc",
            "id": "d540c2a1-8787-4bad-86bd-a71d550259fc",
            "image_slug": "ubuntu-18.04",
            "interfaces": [
              {
                "addresses": [
                  {
                    "address": "185.79.233.47",
                    "gateway": "185.79.233.1",
                    "prefix_length": 24,
                    "reverse_ptr": "185-79-233-47.cust.cloudscale.ch",
                    "subnet_cidr": "185.79.233.0/24",
                    "subnet_href": "https://api.cloudscale.ch/v1/subnets/29d642f1-6b07-4018-a0bb-1004435b31ca",
                    "subnet_uuid": "29d642f1-6b07-4018-a0bb-1004435b31ca",
                    "version": 4
                  },
                  {
                    "address": "2a06:c02:1000:1262::47",
                    "gateway": "fe80::1",
                    "prefix_length": 64,
                    "reverse_ptr": "185-79-233-47.cust.cloudscale.ch",
                    "subnet_cidr": "2a06:c02:1000:1262::/64",
                    "subnet_href": "https://api.cloudscale.ch/v1/subnets/5297e2b2-cfbb-464b-9d8d-06be267f14b5",
                    "subnet_uuid": "5297e2b2-cfbb-464b-9d8d-06be267f14b5",
                    "version": 6
                  }
                ],
                "network_href": "https://api.cloudscale.ch/v1/networks/bc7582c8-7038-4e1b-ba4d-25c266ce274a",
                "network_name": "ext-net2",
                "network_uuid": "bc7582c8-7038-4e1b-ba4d-25c266ce274a",
                "no_address": false,
                "type": "public"
              },
              {
                "addresses": [
                  {
                    "address": "172.16.106.105",
                    "gateway": "",
                    "prefix_length": 24,
                    "reverse_ptr": "",
                    "subnet_cidr": "172.16.106.0/24",
                    "subnet_href": "https://api.cloudscale.ch/v1/subnets/6ab7ebc8-6ae8-45fb-9d0a-1fa1e45d58c6",
                    "subnet_uuid": "6ab7ebc8-6ae8-45fb-9d0a-1fa1e45d58c6",
                    "version": 4
                  }
                ],
                "network_href": "https://api.cloudscale.ch/v1/networks/1c49a352-3848-41af-b37c-643b0e805a77",
                "network_name": "dev-private-net",
                "network_uuid": "1c49a352-3848-41af-b37c-643b0e805a77",
                "no_address": false,
                "type": "private"
              }
            ],
            "name": "dev-master-00",
            "password": null,
            "private_ipv4_address": "172.16.106.105",
            "public_ipv4_address": "185.79.233.47",
            "public_ipv6_address": "2a06:c02:1000:1262::47",
            "server_group_ids": null,
            "server_groups": [],
            "ssh_fingerprints": [
              "ecdsa-sha2-nistp256 SHA256:0KfM/12rVKAvn83AgWMt2n533B32YsnkXKn+a7VVWw4",
              "ecdsa-sha2-nistp256 13:f0:04:76:43:f0:fe:52:f7:3e:b4:82:28:62:81:3a",
              "ssh-rsa SHA256:S9JmBxkUzwm/dGm5K2q2HaF/7RNIXU/quvpVyMuvuwE",
              "ssh-rsa e8:1a:53:29:7a:0c:f8:e5:f2:d7:20:66:d4:24:fe:15",
              "ssh-ed25519 SHA256:taGA3+ecrquN17iIzLuK+fENhMEeRZ+qsRor3uBPcvw",
              "ssh-ed25519 11:db:a1:ea:c0:77:d7:f4:b7:f4:60:38:6e:d4:f9:53",
              "ssh-dss SHA256:bncR8y6AF4tfih/XA4Qr8+a54PFJvLJLPhhUFb1zM1w",
              "ssh-dss dc:e5:88:06:84:bd:46:27:63:b1:94:cd:55:07:ce:f5"
            ],
            "ssh_host_keys": [
              "ecdsa-sha2-nistp256 AAAAE2VjZHNhLXNoYTItbmlzdHAyNTYAAAAIbmlzdHAyNTYAAABBBDYV3O7BZhJvA6of05YUMgc0JYBhuHV1TUfiVGoGRdxmCh633gIy+E4covV0f2yYvC1ClYNyZpvEZkDH3slOOjU=",
              "ssh-rsa AAAAB3NzaC1yc2EAAAADAQABAAABAQCkaJqWz+oxQ3Pgc+msudiwqFW5mEMBYEVUR5WeFjjswwab5+LhWz03imz3PPtEMIsEl53rk13PcDDU+B+eCekItN8c0pXMKPMsIwpNDoI3vnTGSHAzQjHh4c0W0syHontlmAt3EtOKPJE4oH5W6OY0HrjsIw3zdRT2jeXlReiOyToryFKHsh77vzEqvSFqCoTfSuNLSrbCsVIjp0rD2rxzo7gdjhX+gFNAPmYwiIRbZBkHRpKc0OiSap2eAl68zGT67ieJKN9gkjQr6NdWauJasXuZ2jaBn/6n3p4waK2DClZf74p+UKrqauzq/N8V7105Ilc52cPoYVTV1ECOXwoZ",
              "ssh-ed25519 AAAAC3NzaC1lZDI1NTE5AAAAIMop/IxE/7//XOeGGmYvftfFAwjIacj43qriVWbR60q7",
              "ssh-dss AAAAB3NzaC1kc3MAAACBAIzNbp05XCkMLEmdhirLLAnAXk75yvB9xvsplkNClC+54CyRL97bKQRY+Gyb84HHE2kNQaLK48RWO+NiJqrIU9xzJjZeVCxn689OUYwXK6010R7YCS4jr2UdqOPkAfZ7IEhpBoYZJhsSex7l7RTtOeTGyRxv1iX+S+yGXr5FiTQNAAAAFQCRVeAVuUPulK9i+Ez5SWxW87wB9QAAAIBg3/PXO9RhNnXJtAUymqQF8uCg9HOq6gf4EAouXlc2zep9wEsbUegLlg0A0X2MRXrBkpE86so/MtncqcTSkqwdYx/meFmLesbwgPyNY4a2aFQbSk1hD+IM9rFc8K2PQ8GSF3oelYlWsF2/IdbktGal+i/RawU1y3hRTaVRoot+wQAAAIAPBfEZYXR3gIY4cYMt3Jyx5xxizwwHQAmMuOddGpDTOdA1e+WUtT4cF3lT3g47MsXn060S7A6XNRurFYMxFJRTqWRH21kibGmpDMsHB9E6A5HC7i14f0f3Te475fz7XTo2ShHwfv5lVWWrUYTZB0Kp1gmZvS/gPwUuJNf16C6ezg=="
            ],
            "ssh_keys": [
              "ssh-rsa AAAAB3NzaC1yc2EAAAADAQABAAABAQDe4y6CYICkvK50WNtL7ckmlGKWExKlWCdjdXt0mclhCTMVwEfFT7v68YHBOGEf4cJP44SldPudYDsegTktWIcTEtqxPA6fQ3ChAO68OKl9dAMDUrGXeqNlNpk5VBJI9ry9QFlJvbmfNmXkOa+Y0nwK49FpXR0CaIvgsT00lNa1uFq8cdaol9YZoo93O4REAqI0pepixek9GujTX3hgEEm+V3s+4xFAOr7xYZvT5oGdROxe0mkGbbAf2xV7NHUIFY0Qxu+bAWQVmdJ+NYGM++ULZ6ZLhiEwiF7IYBUyW1BQGKefYfPQLDer5Im84UuYDUvyc+gX8H8uvKp6CZzbB5cl diego.cunha@plandomino.com"
            ],
            "status": "running",
            "use_ipv6": null,
            "use_private_network": null,
            "use_public_network": null,
            "user_data": null,
            "volume_size_gb": 10,
            "volumes": [
              {
                "device_path": "",
                "size_gb": 10,
                "type": "ssd",
                "uuid": "225b63a6-f380-4b35-b601-8bad8a461c95"
              }
            ],
            "zone_slug": "lpg1"
          },
          "private": "bnVsbA==",
          "dependencies": [
            "module.network.cloudscale_network.private-net"
          ]
        }
      ]
    },
    {
      "module": "module.vms",
      "mode": "managed",
      "type": "cloudscale_server",
      "name": "nodes",
      "each": "list",
      "provider": "provider.cloudscale",
      "instances": [
        {
          "index_key": 0,
          "schema_version": 0,
          "attributes": {
            "allow_stopping_for_update": true,
            "bulk_volume_size_gb": null,
            "flavor_slug": "flex-4",
            "href": "https://api.cloudscale.ch/v1/servers/f4d31e38-19a3-46ba-97df-4bc8cc1c7761",
            "id": "f4d31e38-19a3-46ba-97df-4bc8cc1c7761",
            "image_slug": "ubuntu-18.04",
            "interfaces": [
              {
                "addresses": [
                  {
                    "address": "185.79.233.15",
                    "gateway": "185.79.233.1",
                    "prefix_length": 24,
                    "reverse_ptr": "185-79-233-15.cust.cloudscale.ch",
                    "subnet_cidr": "185.79.233.0/24",
                    "subnet_href": "https://api.cloudscale.ch/v1/subnets/29d642f1-6b07-4018-a0bb-1004435b31ca",
                    "subnet_uuid": "29d642f1-6b07-4018-a0bb-1004435b31ca",
                    "version": 4
                  },
                  {
                    "address": "2a06:c02:1000:1262::15",
                    "gateway": "fe80::1",
                    "prefix_length": 64,
                    "reverse_ptr": "185-79-233-15.cust.cloudscale.ch",
                    "subnet_cidr": "2a06:c02:1000:1262::/64",
                    "subnet_href": "https://api.cloudscale.ch/v1/subnets/5297e2b2-cfbb-464b-9d8d-06be267f14b5",
                    "subnet_uuid": "5297e2b2-cfbb-464b-9d8d-06be267f14b5",
                    "version": 6
                  }
                ],
                "network_href": "https://api.cloudscale.ch/v1/networks/bc7582c8-7038-4e1b-ba4d-25c266ce274a",
                "network_name": "ext-net2",
                "network_uuid": "bc7582c8-7038-4e1b-ba4d-25c266ce274a",
                "no_address": false,
                "type": "public"
              },
              {
                "addresses": [
                  {
                    "address": "172.16.106.108",
                    "gateway": "",
                    "prefix_length": 24,
                    "reverse_ptr": "",
                    "subnet_cidr": "172.16.106.0/24",
                    "subnet_href": "https://api.cloudscale.ch/v1/subnets/6ab7ebc8-6ae8-45fb-9d0a-1fa1e45d58c6",
                    "subnet_uuid": "6ab7ebc8-6ae8-45fb-9d0a-1fa1e45d58c6",
                    "version": 4
                  }
                ],
                "network_href": "https://api.cloudscale.ch/v1/networks/1c49a352-3848-41af-b37c-643b0e805a77",
                "network_name": "dev-private-net",
                "network_uuid": "1c49a352-3848-41af-b37c-643b0e805a77",
                "no_address": false,
                "type": "private"
              }
            ],
            "name": "nodes-00",
            "password": null,
            "private_ipv4_address": "172.16.106.108",
            "public_ipv4_address": "185.79.233.15",
            "public_ipv6_address": "2a06:c02:1000:1262::15",
            "server_group_ids": null,
            "server_groups": [],
            "ssh_fingerprints": [
              "ecdsa-sha2-nistp256 SHA256:5o01Ky+RzSmJFtMj9YwFgmGILQKyPEhEO53ZzaTs0Ms",
              "ecdsa-sha2-nistp256 28:68:cf:3a:83:96:ec:b4:ba:e8:9b:fe:27:cd:85:1c",
              "ssh-rsa SHA256:hZ5pW4A7EZmQkmupovsjOWrSqlA6uAviFJBzsS7IsgQ",
              "ssh-rsa 1f:6f:53:f2:f4:48:a3:44:e1:ce:22:c9:9e:95:15:a7",
              "ssh-ed25519 SHA256:KLeF1nq+7CD511ZQuJU5WmEY6e0Ai6tHjUVg7Ys7cdQ",
              "ssh-ed25519 4c:03:d9:0e:46:25:b5:be:01:0a:98:4b:8f:24:56:33",
              "ssh-dss SHA256:8uIW/emrZ8bZiqf8fA/ZKOuu9NTO4gvEKsY3AnoAi90",
              "ssh-dss cc:20:60:11:d1:7e:3c:eb:4a:7b:18:3b:c0:b4:e4:94"
            ],
            "ssh_host_keys": [
              "ecdsa-sha2-nistp256 AAAAE2VjZHNhLXNoYTItbmlzdHAyNTYAAAAIbmlzdHAyNTYAAABBBGw5kzIJLlY4DmAaZ/7S3dGH7yfghaHIxvD69GDYlOvxAEWfTg7wbAE9kILTSeQtJ0pvlzv/b25fl7sDOF9Wcpc=",
              "ssh-rsa AAAAB3NzaC1yc2EAAAADAQABAAABAQDfKnbP3RkqDtVAVM8RgcBLIeB2pp+ng+a1wuMQoX7Y2nUI1T3a6IMQ+Is/v9pCkic1oM7bA0R2buQAJ5CAoXFTLdAko8fBf7QF4ySZvP0knR+uBxCzaIP/fzK/DpmDWpLmaWlEjN9HtLYKUX+oLexmtYBKd4gvy8icq2UVBp4kQmE+Yxn6ScyE9XjpluAMQiQ5Q6gKwcEAMDJn/+VhS7HZvZ5sLKiOUzWjRm/XwezwAsgv8L213/z5XgD1KW84xyUeZsHfLloJTM1BjquE1lRffgbZbiPxrUEuiTqb8vecj1Ey/QSISQlsJkBqtOdu+2r/UrlE0c20kQVQ54zDQKlf",
              "ssh-ed25519 AAAAC3NzaC1lZDI1NTE5AAAAIOHFeZtgreH3U/1wLK9CwzjJO1AzyNgSAce7CcjGM1yy",
              "ssh-dss AAAAB3NzaC1kc3MAAACBAPMtYIMc/G7kwINloVTZg91CXzpfaDtEJ/9vvew6Gqb91WnglQu2em/9NuvcVxoAJQf2EkVjYbN+2XZM/8PfYl9IWw+vTTaTHI82iDbMuJikRRcG/KKgj1s229JwMJS60fxChQ96a8nfRfzcZR5lHqdl9mGq4cywGJFpACdIw0kjAAAAFQCyR+PckJAg+q9d51BQb4Sqvq7cdwAAAIEAwhwlO101jDnEhL2ZswbEXNB8Q12BIOv725QkEId+JsD9b8WoN0IXFaifM+GHfPv7ISyXt2vK9kUoejGR0xZcko3sGzomiIWlMwrwRh7zQLZZE5MMjDYnjUsAabs0Za2Xtho7iVJXU1RuRS5agsJ6OPwqQDeg9DnZoK2GR94OVpsAAACAKKSOEre5iPxeSqQLG6SHi97ynSrArZD8peEIMvP4mcv71EUC3S7Z3bH0+CO2k8nCQTwpyYd9V40wqFvK50cVk1DKZBvxJzfwud9mfwmus8CpYuovFQxRwj/QFwmKpXN9ZAmJRXiH27PINfoed5kfxZrmyCNvtG6wE/A7UK+991I="
            ],
            "ssh_keys": [
              "ssh-rsa AAAAB3NzaC1yc2EAAAADAQABAAABAQDe4y6CYICkvK50WNtL7ckmlGKWExKlWCdjdXt0mclhCTMVwEfFT7v68YHBOGEf4cJP44SldPudYDsegTktWIcTEtqxPA6fQ3ChAO68OKl9dAMDUrGXeqNlNpk5VBJI9ry9QFlJvbmfNmXkOa+Y0nwK49FpXR0CaIvgsT00lNa1uFq8cdaol9YZoo93O4REAqI0pepixek9GujTX3hgEEm+V3s+4xFAOr7xYZvT5oGdROxe0mkGbbAf2xV7NHUIFY0Qxu+bAWQVmdJ+NYGM++ULZ6ZLhiEwiF7IYBUyW1BQGKefYfPQLDer5Im84UuYDUvyc+gX8H8uvKp6CZzbB5cl diego.cunha@plandomino.com"
            ],
            "status": "running",
            "use_ipv6": null,
            "use_private_network": null,
            "use_public_network": null,
            "user_data": null,
            "volume_size_gb": 10,
            "volumes": [
              {
                "device_path": "",
                "size_gb": 10,
                "type": "ssd",
                "uuid": "7cc95539-0720-41f9-a290-33e421b2b4ae"
              }
            ],
            "zone_slug": "lpg1"
          },
          "private": "bnVsbA==",
          "dependencies": [
            "module.network.cloudscale_network.private-net"
          ]
        },
        {
          "index_key": 1,
          "schema_version": 0,
          "attributes": {
            "allow_stopping_for_update": true,
            "bulk_volume_size_gb": null,
            "flavor_slug": "flex-4",
            "href": "https://api.cloudscale.ch/v1/servers/c9913533-f39b-418e-b3e7-8c1c6600892c",
            "id": "c9913533-f39b-418e-b3e7-8c1c6600892c",
            "image_slug": "ubuntu-18.04",
            "interfaces": [
              {
                "addresses": [
                  {
                    "address": "185.79.233.54",
                    "gateway": "185.79.233.1",
                    "prefix_length": 24,
                    "reverse_ptr": "185-79-233-54.cust.cloudscale.ch",
                    "subnet_cidr": "185.79.233.0/24",
                    "subnet_href": "https://api.cloudscale.ch/v1/subnets/29d642f1-6b07-4018-a0bb-1004435b31ca",
                    "subnet_uuid": "29d642f1-6b07-4018-a0bb-1004435b31ca",
                    "version": 4
                  },
                  {
                    "address": "2a06:c02:1000:1262::54",
                    "gateway": "fe80::1",
                    "prefix_length": 64,
                    "reverse_ptr": "185-79-233-54.cust.cloudscale.ch",
                    "subnet_cidr": "2a06:c02:1000:1262::/64",
                    "subnet_href": "https://api.cloudscale.ch/v1/subnets/5297e2b2-cfbb-464b-9d8d-06be267f14b5",
                    "subnet_uuid": "5297e2b2-cfbb-464b-9d8d-06be267f14b5",
                    "version": 6
                  }
                ],
                "network_href": "https://api.cloudscale.ch/v1/networks/bc7582c8-7038-4e1b-ba4d-25c266ce274a",
                "network_name": "ext-net2",
                "network_uuid": "bc7582c8-7038-4e1b-ba4d-25c266ce274a",
                "no_address": false,
                "type": "public"
              },
              {
                "addresses": [
                  {
                    "address": "172.16.106.111",
                    "gateway": "",
                    "prefix_length": 24,
                    "reverse_ptr": "",
                    "subnet_cidr": "172.16.106.0/24",
                    "subnet_href": "https://api.cloudscale.ch/v1/subnets/6ab7ebc8-6ae8-45fb-9d0a-1fa1e45d58c6",
                    "subnet_uuid": "6ab7ebc8-6ae8-45fb-9d0a-1fa1e45d58c6",
                    "version": 4
                  }
                ],
                "network_href": "https://api.cloudscale.ch/v1/networks/1c49a352-3848-41af-b37c-643b0e805a77",
                "network_name": "dev-private-net",
                "network_uuid": "1c49a352-3848-41af-b37c-643b0e805a77",
                "no_address": false,
                "type": "private"
              }
            ],
            "name": "nodes-01",
            "password": null,
            "private_ipv4_address": "172.16.106.111",
            "public_ipv4_address": "185.79.233.54",
            "public_ipv6_address": "2a06:c02:1000:1262::54",
            "server_group_ids": null,
            "server_groups": [],
            "ssh_fingerprints": [
              "ecdsa-sha2-nistp256 SHA256:CGhJ4kMTkhVhpXnaFu9fqTIcNTPHIw/+Q0yKHNWhzl4",
              "ecdsa-sha2-nistp256 e0:76:8a:19:b3:d9:55:d6:b6:f8:36:7d:e8:73:d3:a3",
              "ssh-rsa SHA256:S9COxpMqfFU9BK++R7DJkZ+mDUa1N2P+yWdQrYSCaF8",
              "ssh-rsa 98:90:b3:c8:5c:b8:c3:a5:4e:1d:de:e1:85:f6:d6:71",
              "ssh-ed25519 SHA256:aSMUsl1mO5uJnxH9e2RSOfO1LnxWXbQnCVSw/a5aORY",
              "ssh-ed25519 9b:5e:b9:39:e1:13:88:1f:ef:bb:ca:8b:bf:23:b8:5f",
              "ssh-dss SHA256:jPthJbDV52yD4v2uCM+s2jrzUDll4p2LvRS4WGBWNoc",
              "ssh-dss 21:d1:16:c5:ac:d3:10:84:db:77:4f:85:f7:9b:0b:1b"
            ],
            "ssh_host_keys": [
              "ecdsa-sha2-nistp256 AAAAE2VjZHNhLXNoYTItbmlzdHAyNTYAAAAIbmlzdHAyNTYAAABBBH197tiDLrPhuVYQoQWu0+TtKp8rvrdgkJwAurvCxfTP3XPYetMFzPE2DGNo3sOBP7PkSmyN8wfRFPU2rjGODUU=",
              "ssh-rsa AAAAB3NzaC1yc2EAAAADAQABAAABAQDIx6/TbPVmQuA06KbnaNcY/2aBP0hAf+30+QDO9OIhodgeoVqJBZRg9LPQtSnrfQEXQSy6iJV8ezccJAlyVwH8pTTb0iFS7ZYO8L5EaqaONqoUZTEtxNIyFmAGYPfPEPLiWrmnzHvPZXVYh1s5t0iUXdv8/8czAG5EXEq2hbKt5kgCgN+etEKnm5VdhNg22OT1Xao4ffsznzxIxBB/C7fHJ7ESchli8GDGmim7eQh7gZ4J+ZfDNdNKIIfJY6MsYpEOaHgMJYPlGtB4OUgB9r6gwidEOSd71XR3Yn1H48/cRXOI9c7r2cXs3PKhqaPlXYI2UZAPX7/6jQfshrf2/wJZ",
              "ssh-ed25519 AAAAC3NzaC1lZDI1NTE5AAAAIKonSK+HdYhJlJjgt/TaZigZWzzpIP7P0oe7swAJA5Et",
              "ssh-dss AAAAB3NzaC1kc3MAAACBAOGoUNA2a+x+spSBa4qIQzGuoLw2ABEcKZCPEtb2QpQjHDYheBx3GghcOGweFNh9UrB94H3qvOv2/xmc+eaP5vcaSMNv67X7bEZyfmZXXDwJngg8gIbjk5wGZHemFapyckb02FnSeodLZMhLA2g4oBwjhnCIDC/wV9Yws7L1QllDAAAAFQD6/RIizF5w8Sh0nYZW15t/uQRQ5QAAAIA32eD/XLh9iBZPTmJ46YMdniZsf++YxOuGKDnWDouAjWvlf2N1D3vlUVwtA9uFVXEz6AtgpAiOucr5Je/9EXprCu48jGgqr8QNBlBKpO+UEGrHOIlD8afHi7ZqzlYxI6Ezm7IPCJBIaWdDybq5dNi7KIdDkC8rJp483XaEIxprdQAAAIB7PvU6KD0IH7Txt/x3owhZ63CHq+Tutdg1fJq39ivHTw6/l1UWGYTlnOLxZRhYB1v61FBQKHV+izt9xDqQrkCSwSlZPtCTPKpfl8AH6AdQFMSDTn8expR2ODxH+Y73jpWdeztaVGxl86ilhosdbIHWbUaxPkAwfu9Cq4GVvS/c4A=="
            ],
            "ssh_keys": [
              "ssh-rsa AAAAB3NzaC1yc2EAAAADAQABAAABAQDe4y6CYICkvK50WNtL7ckmlGKWExKlWCdjdXt0mclhCTMVwEfFT7v68YHBOGEf4cJP44SldPudYDsegTktWIcTEtqxPA6fQ3ChAO68OKl9dAMDUrGXeqNlNpk5VBJI9ry9QFlJvbmfNmXkOa+Y0nwK49FpXR0CaIvgsT00lNa1uFq8cdaol9YZoo93O4REAqI0pepixek9GujTX3hgEEm+V3s+4xFAOr7xYZvT5oGdROxe0mkGbbAf2xV7NHUIFY0Qxu+bAWQVmdJ+NYGM++ULZ6ZLhiEwiF7IYBUyW1BQGKefYfPQLDer5Im84UuYDUvyc+gX8H8uvKp6CZzbB5cl diego.cunha@plandomino.com"
            ],
            "status": "running",
            "use_ipv6": null,
            "use_private_network": null,
            "use_public_network": null,
            "user_data": null,
            "volume_size_gb": 10,
            "volumes": [
              {
                "device_path": "",
                "size_gb": 10,
                "type": "ssd",
                "uuid": "f15814ea-93fe-44c2-a64a-e4239d8c78ca"
              }
            ],
            "zone_slug": "lpg1"
          },
          "private": "bnVsbA==",
          "dependencies": [
            "module.network.cloudscale_network.private-net"
          ]
        }
      ]
    }
  ]
}
